
Microsoft Visual Studio Solution File, Format Version 12.00
# Visual Studio 15
VisualStudioVersion = 15.0.26124.0
MinimumVisualStudioVersion = 15.0.26124.0
Project("{2150E333-8FDC-42A3-9474-1A3956D46DE8}") = "GettingStarted", "GettingStarted", "{E4467A88-16A0-4019-B5D6-D7D83ABFB120}"
EndProject
Project("{2150E333-8FDC-42A3-9474-1A3956D46DE8}") = "DataLoaders", "DataLoaders", "{14B84D69-CFAA-453B-BD73-0C7E56BCF3E6}"
EndProject
Project("{2150E333-8FDC-42A3-9474-1A3956D46DE8}") = "Resolvers", "Resolvers", "{0F4CBDED-9F88-4032-A303-046ECA0F8518}"
EndProject
Project("{2150E333-8FDC-42A3-9474-1A3956D46DE8}") = "SupportedTypes", "SupportedTypes", "{6BFFC3FF-2025-4925-ACBC-AD227E3739E0}"
EndProject
Project("{FAE04EC0-301F-11D3-BF4B-00C04F79EFBC}") = "GettingStarted.Tests", "GettingStarted\GettingStarted.Tests\GettingStarted.Tests.csproj", "{F4B61779-9249-4CFE-B52F-5AC06952900D}"
EndProject
Project("{FAE04EC0-301F-11D3-BF4B-00C04F79EFBC}") = "GettingStarted.PCF", "GettingStarted\GettingStarted.PCF\GettingStarted.PCF.csproj", "{85EDB3BD-B436-46C2-B6F8-0D4BB5BBB601}"
EndProject
Project("{2150E333-8FDC-42A3-9474-1A3956D46DE8}") = "SchemaBasics", "SchemaBasics", "{91CDB67D-DBE7-439B-B564-714B192EBC5C}"
EndProject
Project("{FAE04EC0-301F-11D3-BF4B-00C04F79EFBC}") = "SchemaBasics.PCF", "SchemaBasics\SchemaBasics.PCF\SchemaBasics.PCF.csproj", "{65E2DE90-BDE8-4C42-962E-F6F1D2B72365}"
EndProject
Project("{FAE04EC0-301F-11D3-BF4B-00C04F79EFBC}") = "SchemaBasics.CF", "SchemaBasics\SchemaBasics.CF\SchemaBasics.CF.csproj", "{27C0D081-E040-44B3-B110-DB0D68FDAE97}"
EndProject
Project("{FAE04EC0-301F-11D3-BF4B-00C04F79EFBC}") = "SchemaBasics.SF", "SchemaBasics\SchemaBasics.SF\SchemaBasics.SF.csproj", "{830024F8-46C3-4582-8117-5E8B7F5D41E7}"
EndProject
Project("{FAE04EC0-301F-11D3-BF4B-00C04F79EFBC}") = "SchemaBasics.Tests", "SchemaBasics\SchemaBasics.Tests\SchemaBasics.Tests.csproj", "{8C00797B-6E92-4535-AF6A-9E2DE04349B6}"
EndProject
Project("{2150E333-8FDC-42A3-9474-1A3956D46DE8}") = "UnionsAndInterfaces", "UnionsAndInterfaces", "{07839ABA-BCC0-4701-9C7C-758A24C37A0D}"
EndProject
Project("{FAE04EC0-301F-11D3-BF4B-00C04F79EFBC}") = "UnionsAndInterfaces.CF", "UnionsAndInterfaces\UnionsAndInterfaces.CF\UnionsAndInterfaces.CF.csproj", "{5BDB79DB-BF6E-4821-B928-84BC5B511219}"
EndProject
Project("{FAE04EC0-301F-11D3-BF4B-00C04F79EFBC}") = "UnionsAndInterfaces.Tests", "UnionsAndInterfaces\UnionsAndInterfaces.Tests\UnionsAndInterfaces.Tests.csproj", "{4D84FEBF-CC30-4F8E-B3C0-ABB9EDF6D4ED}"
EndProject
Global
	GlobalSection(SolutionConfigurationPlatforms) = preSolution
		Debug|Any CPU = Debug|Any CPU
		Debug|x64 = Debug|x64
		Debug|x86 = Debug|x86
		Release|Any CPU = Release|Any CPU
		Release|x64 = Release|x64
		Release|x86 = Release|x86
	EndGlobalSection
	GlobalSection(SolutionProperties) = preSolution
		HideSolutionNode = FALSE
	EndGlobalSection
	GlobalSection(NestedProjects) = preSolution
		{F4B61779-9249-4CFE-B52F-5AC06952900D} = {E4467A88-16A0-4019-B5D6-D7D83ABFB120}
		{85EDB3BD-B436-46C2-B6F8-0D4BB5BBB601} = {E4467A88-16A0-4019-B5D6-D7D83ABFB120}
		{65E2DE90-BDE8-4C42-962E-F6F1D2B72365} = {91CDB67D-DBE7-439B-B564-714B192EBC5C}
		{27C0D081-E040-44B3-B110-DB0D68FDAE97} = {91CDB67D-DBE7-439B-B564-714B192EBC5C}
		{830024F8-46C3-4582-8117-5E8B7F5D41E7} = {91CDB67D-DBE7-439B-B564-714B192EBC5C}
		{8C00797B-6E92-4535-AF6A-9E2DE04349B6} = {91CDB67D-DBE7-439B-B564-714B192EBC5C}
		{5BDB79DB-BF6E-4821-B928-84BC5B511219} = {07839ABA-BCC0-4701-9C7C-758A24C37A0D}
		{4D84FEBF-CC30-4F8E-B3C0-ABB9EDF6D4ED} = {07839ABA-BCC0-4701-9C7C-758A24C37A0D}
	EndGlobalSection
	GlobalSection(ProjectConfigurationPlatforms) = postSolution
		{F4B61779-9249-4CFE-B52F-5AC06952900D}.Debug|Any CPU.ActiveCfg = Debug|Any CPU
		{F4B61779-9249-4CFE-B52F-5AC06952900D}.Debug|Any CPU.Build.0 = Debug|Any CPU
		{F4B61779-9249-4CFE-B52F-5AC06952900D}.Debug|x64.ActiveCfg = Debug|Any CPU
		{F4B61779-9249-4CFE-B52F-5AC06952900D}.Debug|x64.Build.0 = Debug|Any CPU
		{F4B61779-9249-4CFE-B52F-5AC06952900D}.Debug|x86.ActiveCfg = Debug|Any CPU
		{F4B61779-9249-4CFE-B52F-5AC06952900D}.Debug|x86.Build.0 = Debug|Any CPU
		{F4B61779-9249-4CFE-B52F-5AC06952900D}.Release|Any CPU.ActiveCfg = Release|Any CPU
		{F4B61779-9249-4CFE-B52F-5AC06952900D}.Release|Any CPU.Build.0 = Release|Any CPU
		{F4B61779-9249-4CFE-B52F-5AC06952900D}.Release|x64.ActiveCfg = Release|Any CPU
		{F4B61779-9249-4CFE-B52F-5AC06952900D}.Release|x64.Build.0 = Release|Any CPU
		{F4B61779-9249-4CFE-B52F-5AC06952900D}.Release|x86.ActiveCfg = Release|Any CPU
		{F4B61779-9249-4CFE-B52F-5AC06952900D}.Release|x86.Build.0 = Release|Any CPU
		{85EDB3BD-B436-46C2-B6F8-0D4BB5BBB601}.Debug|Any CPU.ActiveCfg = Debug|Any CPU
		{85EDB3BD-B436-46C2-B6F8-0D4BB5BBB601}.Debug|Any CPU.Build.0 = Debug|Any CPU
		{85EDB3BD-B436-46C2-B6F8-0D4BB5BBB601}.Debug|x64.ActiveCfg = Debug|Any CPU
		{85EDB3BD-B436-46C2-B6F8-0D4BB5BBB601}.Debug|x64.Build.0 = Debug|Any CPU
		{85EDB3BD-B436-46C2-B6F8-0D4BB5BBB601}.Debug|x86.ActiveCfg = Debug|Any CPU
		{85EDB3BD-B436-46C2-B6F8-0D4BB5BBB601}.Debug|x86.Build.0 = Debug|Any CPU
		{85EDB3BD-B436-46C2-B6F8-0D4BB5BBB601}.Release|Any CPU.ActiveCfg = Release|Any CPU
		{85EDB3BD-B436-46C2-B6F8-0D4BB5BBB601}.Release|Any CPU.Build.0 = Release|Any CPU
		{85EDB3BD-B436-46C2-B6F8-0D4BB5BBB601}.Release|x64.ActiveCfg = Release|Any CPU
		{85EDB3BD-B436-46C2-B6F8-0D4BB5BBB601}.Release|x64.Build.0 = Release|Any CPU
		{85EDB3BD-B436-46C2-B6F8-0D4BB5BBB601}.Release|x86.ActiveCfg = Release|Any CPU
		{85EDB3BD-B436-46C2-B6F8-0D4BB5BBB601}.Release|x86.Build.0 = Release|Any CPU
		{65E2DE90-BDE8-4C42-962E-F6F1D2B72365}.Debug|Any CPU.ActiveCfg = Debug|Any CPU
		{65E2DE90-BDE8-4C42-962E-F6F1D2B72365}.Debug|Any CPU.Build.0 = Debug|Any CPU
		{65E2DE90-BDE8-4C42-962E-F6F1D2B72365}.Debug|x64.ActiveCfg = Debug|Any CPU
		{65E2DE90-BDE8-4C42-962E-F6F1D2B72365}.Debug|x64.Build.0 = Debug|Any CPU
		{65E2DE90-BDE8-4C42-962E-F6F1D2B72365}.Debug|x86.ActiveCfg = Debug|Any CPU
		{65E2DE90-BDE8-4C42-962E-F6F1D2B72365}.Debug|x86.Build.0 = Debug|Any CPU
		{65E2DE90-BDE8-4C42-962E-F6F1D2B72365}.Release|Any CPU.ActiveCfg = Release|Any CPU
		{65E2DE90-BDE8-4C42-962E-F6F1D2B72365}.Release|Any CPU.Build.0 = Release|Any CPU
		{65E2DE90-BDE8-4C42-962E-F6F1D2B72365}.Release|x64.ActiveCfg = Release|Any CPU
		{65E2DE90-BDE8-4C42-962E-F6F1D2B72365}.Release|x64.Build.0 = Release|Any CPU
		{65E2DE90-BDE8-4C42-962E-F6F1D2B72365}.Release|x86.ActiveCfg = Release|Any CPU
		{65E2DE90-BDE8-4C42-962E-F6F1D2B72365}.Release|x86.Build.0 = Release|Any CPU
		{27C0D081-E040-44B3-B110-DB0D68FDAE97}.Debug|Any CPU.ActiveCfg = Debug|Any CPU
		{27C0D081-E040-44B3-B110-DB0D68FDAE97}.Debug|Any CPU.Build.0 = Debug|Any CPU
		{27C0D081-E040-44B3-B110-DB0D68FDAE97}.Debug|x64.ActiveCfg = Debug|Any CPU
		{27C0D081-E040-44B3-B110-DB0D68FDAE97}.Debug|x64.Build.0 = Debug|Any CPU
		{27C0D081-E040-44B3-B110-DB0D68FDAE97}.Debug|x86.ActiveCfg = Debug|Any CPU
		{27C0D081-E040-44B3-B110-DB0D68FDAE97}.Debug|x86.Build.0 = Debug|Any CPU
		{27C0D081-E040-44B3-B110-DB0D68FDAE97}.Release|Any CPU.ActiveCfg = Release|Any CPU
		{27C0D081-E040-44B3-B110-DB0D68FDAE97}.Release|Any CPU.Build.0 = Release|Any CPU
		{27C0D081-E040-44B3-B110-DB0D68FDAE97}.Release|x64.ActiveCfg = Release|Any CPU
		{27C0D081-E040-44B3-B110-DB0D68FDAE97}.Release|x64.Build.0 = Release|Any CPU
		{27C0D081-E040-44B3-B110-DB0D68FDAE97}.Release|x86.ActiveCfg = Release|Any CPU
		{27C0D081-E040-44B3-B110-DB0D68FDAE97}.Release|x86.Build.0 = Release|Any CPU
		{830024F8-46C3-4582-8117-5E8B7F5D41E7}.Debug|Any CPU.ActiveCfg = Debug|Any CPU
		{830024F8-46C3-4582-8117-5E8B7F5D41E7}.Debug|Any CPU.Build.0 = Debug|Any CPU
		{830024F8-46C3-4582-8117-5E8B7F5D41E7}.Debug|x64.ActiveCfg = Debug|Any CPU
		{830024F8-46C3-4582-8117-5E8B7F5D41E7}.Debug|x64.Build.0 = Debug|Any CPU
		{830024F8-46C3-4582-8117-5E8B7F5D41E7}.Debug|x86.ActiveCfg = Debug|Any CPU
		{830024F8-46C3-4582-8117-5E8B7F5D41E7}.Debug|x86.Build.0 = Debug|Any CPU
		{830024F8-46C3-4582-8117-5E8B7F5D41E7}.Release|Any CPU.ActiveCfg = Release|Any CPU
		{830024F8-46C3-4582-8117-5E8B7F5D41E7}.Release|Any CPU.Build.0 = Release|Any CPU
		{830024F8-46C3-4582-8117-5E8B7F5D41E7}.Release|x64.ActiveCfg = Release|Any CPU
		{830024F8-46C3-4582-8117-5E8B7F5D41E7}.Release|x64.Build.0 = Release|Any CPU
		{830024F8-46C3-4582-8117-5E8B7F5D41E7}.Release|x86.ActiveCfg = Release|Any CPU
		{830024F8-46C3-4582-8117-5E8B7F5D41E7}.Release|x86.Build.0 = Release|Any CPU
		{8C00797B-6E92-4535-AF6A-9E2DE04349B6}.Debug|Any CPU.ActiveCfg = Debug|Any CPU
		{8C00797B-6E92-4535-AF6A-9E2DE04349B6}.Debug|Any CPU.Build.0 = Debug|Any CPU
		{8C00797B-6E92-4535-AF6A-9E2DE04349B6}.Debug|x64.ActiveCfg = Debug|Any CPU
		{8C00797B-6E92-4535-AF6A-9E2DE04349B6}.Debug|x64.Build.0 = Debug|Any CPU
		{8C00797B-6E92-4535-AF6A-9E2DE04349B6}.Debug|x86.ActiveCfg = Debug|Any CPU
		{8C00797B-6E92-4535-AF6A-9E2DE04349B6}.Debug|x86.Build.0 = Debug|Any CPU
		{8C00797B-6E92-4535-AF6A-9E2DE04349B6}.Release|Any CPU.ActiveCfg = Release|Any CPU
		{8C00797B-6E92-4535-AF6A-9E2DE04349B6}.Release|Any CPU.Build.0 = Release|Any CPU
		{8C00797B-6E92-4535-AF6A-9E2DE04349B6}.Release|x64.ActiveCfg = Release|Any CPU
		{8C00797B-6E92-4535-AF6A-9E2DE04349B6}.Release|x64.Build.0 = Release|Any CPU
		{8C00797B-6E92-4535-AF6A-9E2DE04349B6}.Release|x86.ActiveCfg = Release|Any CPU
		{8C00797B-6E92-4535-AF6A-9E2DE04349B6}.Release|x86.Build.0 = Release|Any CPU
		{5BDB79DB-BF6E-4821-B928-84BC5B511219}.Debug|Any CPU.ActiveCfg = Debug|Any CPU
		{5BDB79DB-BF6E-4821-B928-84BC5B511219}.Debug|Any CPU.Build.0 = Debug|Any CPU
		{5BDB79DB-BF6E-4821-B928-84BC5B511219}.Debug|x64.ActiveCfg = Debug|Any CPU
		{5BDB79DB-BF6E-4821-B928-84BC5B511219}.Debug|x64.Build.0 = Debug|Any CPU
		{5BDB79DB-BF6E-4821-B928-84BC5B511219}.Debug|x86.ActiveCfg = Debug|Any CPU
		{5BDB79DB-BF6E-4821-B928-84BC5B511219}.Debug|x86.Build.0 = Debug|Any CPU
		{5BDB79DB-BF6E-4821-B928-84BC5B511219}.Release|Any CPU.ActiveCfg = Release|Any CPU
		{5BDB79DB-BF6E-4821-B928-84BC5B511219}.Release|Any CPU.Build.0 = Release|Any CPU
		{5BDB79DB-BF6E-4821-B928-84BC5B511219}.Release|x64.ActiveCfg = Release|Any CPU
		{5BDB79DB-BF6E-4821-B928-84BC5B511219}.Release|x64.Build.0 = Release|Any CPU
		{5BDB79DB-BF6E-4821-B928-84BC5B511219}.Release|x86.ActiveCfg = Release|Any CPU
		{5BDB79DB-BF6E-4821-B928-84BC5B511219}.Release|x86.Build.0 = Release|Any CPU
		{4D84FEBF-CC30-4F8E-B3C0-ABB9EDF6D4ED}.Debug|Any CPU.ActiveCfg = Debug|Any CPU
		{4D84FEBF-CC30-4F8E-B3C0-ABB9EDF6D4ED}.Debug|Any CPU.Build.0 = Debug|Any CPU
		{4D84FEBF-CC30-4F8E-B3C0-ABB9EDF6D4ED}.Debug|x64.ActiveCfg = Debug|Any CPU
		{4D84FEBF-CC30-4F8E-B3C0-ABB9EDF6D4ED}.Debug|x64.Build.0 = Debug|Any CPU
		{4D84FEBF-CC30-4F8E-B3C0-ABB9EDF6D4ED}.Debug|x86.ActiveCfg = Debug|Any CPU
		{4D84FEBF-CC30-4F8E-B3C0-ABB9EDF6D4ED}.Debug|x86.Build.0 = Debug|Any CPU
		{4D84FEBF-CC30-4F8E-B3C0-ABB9EDF6D4ED}.Release|Any CPU.ActiveCfg = Release|Any CPU
		{4D84FEBF-CC30-4F8E-B3C0-ABB9EDF6D4ED}.Release|Any CPU.Build.0 = Release|Any CPU
		{4D84FEBF-CC30-4F8E-B3C0-ABB9EDF6D4ED}.Release|x64.ActiveCfg = Release|Any CPU
		{4D84FEBF-CC30-4F8E-B3C0-ABB9EDF6D4ED}.Release|x64.Build.0 = Release|Any CPU
		{4D84FEBF-CC30-4F8E-B3C0-ABB9EDF6D4ED}.Release|x86.ActiveCfg = Release|Any CPU
		{4D84FEBF-CC30-4F8E-B3C0-ABB9EDF6D4ED}.Release|x86.Build.0 = Release|Any CPU
	EndGlobalSection
EndGlobal
