
Microsoft Visual Studio Solution File, Format Version 12.00
# Visual Studio 15
VisualStudioVersion = 15.0.26124.0
MinimumVisualStudioVersion = 15.0.26124.0
Project("{2150E333-8FDC-42A3-9474-1A3956D46DE8}") = "GettingStarted", "GettingStarted", "{E4467A88-16A0-4019-B5D6-D7D83ABFB120}"
EndProject
Project("{2150E333-8FDC-42A3-9474-1A3956D46DE8}") = "PCF", "PCF", "{28F43B8A-22BA-4457-9195-614D2FA783CB}"
EndProject
Project("{2150E333-8FDC-42A3-9474-1A3956D46DE8}") = "CF", "CF", "{001E7856-5D98-475A-9E51-5C538ED9C617}"
EndProject
Project("{2150E333-8FDC-42A3-9474-1A3956D46DE8}") = "SF", "SF", "{AA106415-D0B4-4C46-83BF-1C552F82D7B6}"
EndProject
Project("{FAE04EC0-301F-11D3-BF4B-00C04F79EFBC}") = "PCF.GettingStarted", "GettingStarted\PCF\PCF.GettingStarted\PCF.GettingStarted.csproj", "{3A7FEE10-8405-4F7F-927D-53FA2C9FC8CE}"
EndProject
Project("{FAE04EC0-301F-11D3-BF4B-00C04F79EFBC}") = "PCF.GettingStarted.Tests", "GettingStarted\PCF\PCF.GettingStarted.Tests\PCF.GettingStarted.Tests.csproj", "{C497AE27-7C4D-4A4D-983A-6E56B3A87593}"
EndProject
Global
	GlobalSection(SolutionConfigurationPlatforms) = preSolution
		Debug|Any CPU = Debug|Any CPU
		Debug|x64 = Debug|x64
		Debug|x86 = Debug|x86
		Release|Any CPU = Release|Any CPU
		Release|x64 = Release|x64
		Release|x86 = Release|x86
	EndGlobalSection
	GlobalSection(SolutionProperties) = preSolution
		HideSolutionNode = FALSE
	EndGlobalSection
	GlobalSection(NestedProjects) = preSolution
		{28F43B8A-22BA-4457-9195-614D2FA783CB} = {E4467A88-16A0-4019-B5D6-D7D83ABFB120}
		{001E7856-5D98-475A-9E51-5C538ED9C617} = {E4467A88-16A0-4019-B5D6-D7D83ABFB120}
		{AA106415-D0B4-4C46-83BF-1C552F82D7B6} = {E4467A88-16A0-4019-B5D6-D7D83ABFB120}
		{3A7FEE10-8405-4F7F-927D-53FA2C9FC8CE} = {28F43B8A-22BA-4457-9195-614D2FA783CB}
		{C497AE27-7C4D-4A4D-983A-6E56B3A87593} = {28F43B8A-22BA-4457-9195-614D2FA783CB}
	EndGlobalSection
	GlobalSection(ProjectConfigurationPlatforms) = postSolution
		{3A7FEE10-8405-4F7F-927D-53FA2C9FC8CE}.Debug|Any CPU.ActiveCfg = Debug|Any CPU
		{3A7FEE10-8405-4F7F-927D-53FA2C9FC8CE}.Debug|Any CPU.Build.0 = Debug|Any CPU
		{3A7FEE10-8405-4F7F-927D-53FA2C9FC8CE}.Debug|x64.ActiveCfg = Debug|Any CPU
		{3A7FEE10-8405-4F7F-927D-53FA2C9FC8CE}.Debug|x64.Build.0 = Debug|Any CPU
		{3A7FEE10-8405-4F7F-927D-53FA2C9FC8CE}.Debug|x86.ActiveCfg = Debug|Any CPU
		{3A7FEE10-8405-4F7F-927D-53FA2C9FC8CE}.Debug|x86.Build.0 = Debug|Any CPU
		{3A7FEE10-8405-4F7F-927D-53FA2C9FC8CE}.Release|Any CPU.ActiveCfg = Release|Any CPU
		{3A7FEE10-8405-4F7F-927D-53FA2C9FC8CE}.Release|Any CPU.Build.0 = Release|Any CPU
		{3A7FEE10-8405-4F7F-927D-53FA2C9FC8CE}.Release|x64.ActiveCfg = Release|Any CPU
		{3A7FEE10-8405-4F7F-927D-53FA2C9FC8CE}.Release|x64.Build.0 = Release|Any CPU
		{3A7FEE10-8405-4F7F-927D-53FA2C9FC8CE}.Release|x86.ActiveCfg = Release|Any CPU
		{3A7FEE10-8405-4F7F-927D-53FA2C9FC8CE}.Release|x86.Build.0 = Release|Any CPU
		{C497AE27-7C4D-4A4D-983A-6E56B3A87593}.Debug|Any CPU.ActiveCfg = Debug|Any CPU
		{C497AE27-7C4D-4A4D-983A-6E56B3A87593}.Debug|Any CPU.Build.0 = Debug|Any CPU
		{C497AE27-7C4D-4A4D-983A-6E56B3A87593}.Debug|x64.ActiveCfg = Debug|Any CPU
		{C497AE27-7C4D-4A4D-983A-6E56B3A87593}.Debug|x64.Build.0 = Debug|Any CPU
		{C497AE27-7C4D-4A4D-983A-6E56B3A87593}.Debug|x86.ActiveCfg = Debug|Any CPU
		{C497AE27-7C4D-4A4D-983A-6E56B3A87593}.Debug|x86.Build.0 = Debug|Any CPU
		{C497AE27-7C4D-4A4D-983A-6E56B3A87593}.Release|Any CPU.ActiveCfg = Release|Any CPU
		{C497AE27-7C4D-4A4D-983A-6E56B3A87593}.Release|Any CPU.Build.0 = Release|Any CPU
		{C497AE27-7C4D-4A4D-983A-6E56B3A87593}.Release|x64.ActiveCfg = Release|Any CPU
		{C497AE27-7C4D-4A4D-983A-6E56B3A87593}.Release|x64.Build.0 = Release|Any CPU
		{C497AE27-7C4D-4A4D-983A-6E56B3A87593}.Release|x86.ActiveCfg = Release|Any CPU
		{C497AE27-7C4D-4A4D-983A-6E56B3A87593}.Release|x86.Build.0 = Release|Any CPU
	EndGlobalSection
EndGlobal
